
Microsoft Visual Studio Solution File, Format Version 11.00
# Visual Studio 2010
Project("{2150E333-8FDC-42A3-9474-1A3956D46DE8}") = "Solution Items", "Solution Items", "{169495C4-798C-4FE4-9130-E9E8EB861EF4}"
	ProjectSection(SolutionItems) = preProject
		GPL.rtf = GPL.rtf
		Monobjc-Tools.build = Monobjc-Tools.build
		README = README
		Makefile = Makefile
	EndProjectSection
EndProject
Project("{FAE04EC0-301F-11D3-BF4B-00C04F79EFBC}") = "Monobjc.Generator", "Monobjc.Generator\Monobjc.Generator.csproj", "{05F4FC5D-33B1-46A0-ADB8-8A6749DA8474}"
EndProject
Project("{FAE04EC0-301F-11D3-BF4B-00C04F79EFBC}") = "Monobjc.Tools", "Monobjc.Tools\Monobjc.Tools.csproj", "{C44005EC-E057-4636-96E2-637CA83F5170}"
EndProject
Project("{FAE04EC0-301F-11D3-BF4B-00C04F79EFBC}") = "Monobjc.NAnt", "Monobjc.NAnt\Monobjc.NAnt.csproj", "{7CE7AE40-3942-4849-93F9-A18F3A4D1D8A}"
EndProject
Project("{FAE04EC0-301F-11D3-BF4B-00C04F79EFBC}") = "Monobjc.MSBuild", "Monobjc.MSBuild\Monobjc.MSBuild.csproj", "{4426C325-ED0D-4FEF-86E7-24EE923D0374}"
EndProject
Project("{FAE04EC0-301F-11D3-BF4B-00C04F79EFBC}") = "Monobjc.Tools.Tests", "Monobjc.Tools.Tests\Monobjc.Tools.Tests.csproj", "{09F9C34F-B787-45E6-B809-37C8BFEDF874}"
EndProject
Project("{FAE04EC0-301F-11D3-BF4B-00C04F79EFBC}") = "Monobjc.Sdp", "Monobjc.Sdp\Monobjc.Sdp.csproj", "{7225DDBC-2BBA-4F64-B102-B8D1A3C3B700}"
EndProject
Project("{FAE04EC0-301F-11D3-BF4B-00C04F79EFBC}") = "Monobjc.Generator.OpenGL", "Monobjc.Generator.OpenGL\Monobjc.Generator.OpenGL.csproj", "{F0B65148-1657-4B4A-AB29-53D2625E5550}"
EndProject
Project("{FAE04EC0-301F-11D3-BF4B-00C04F79EFBC}") = "Monobjc.Sdp.Tests", "Monobjc.Sdp.Tests\Monobjc.Sdp.Tests.csproj", "{A4924CF3-363B-4F7B-8BD4-3D89C22061E2}"
EndProject
Project("{FAE04EC0-301F-11D3-BF4B-00C04F79EFBC}") = "Monobjc.Generator.NAnt", "Monobjc.Generator.NAnt\Monobjc.Generator.NAnt.csproj", "{5940F79E-6395-4D7D-A393-14CC40A71D42}"
EndProject
Project("{FAE04EC0-301F-11D3-BF4B-00C04F79EFBC}") = "Monobjc.MSBuild.Tests", "Monobjc.MSBuild.Tests\Monobjc.MSBuild.Tests.csproj", "{F97A503F-4DC0-41D0-ABCD-D2660ECE9E7D}"
EndProject
Global
	GlobalSection(SolutionConfigurationPlatforms) = preSolution
		Debug|Any CPU = Debug|Any CPU
		Debug|Mixed Platforms = Debug|Mixed Platforms
		Debug|x86 = Debug|x86
		Release|Any CPU = Release|Any CPU
		Release|Mixed Platforms = Release|Mixed Platforms
		Release|x86 = Release|x86
	EndGlobalSection
	GlobalSection(ProjectConfigurationPlatforms) = postSolution
		{05F4FC5D-33B1-46A0-ADB8-8A6749DA8474}.Debug|Any CPU.ActiveCfg = Debug|Any CPU
		{05F4FC5D-33B1-46A0-ADB8-8A6749DA8474}.Debug|Any CPU.Build.0 = Debug|Any CPU
		{05F4FC5D-33B1-46A0-ADB8-8A6749DA8474}.Debug|Mixed Platforms.ActiveCfg = Debug|Any CPU
		{05F4FC5D-33B1-46A0-ADB8-8A6749DA8474}.Debug|Mixed Platforms.Build.0 = Debug|Any CPU
		{05F4FC5D-33B1-46A0-ADB8-8A6749DA8474}.Debug|x86.ActiveCfg = Debug|Any CPU
		{05F4FC5D-33B1-46A0-ADB8-8A6749DA8474}.Release|Any CPU.ActiveCfg = Release|Any CPU
		{05F4FC5D-33B1-46A0-ADB8-8A6749DA8474}.Release|Any CPU.Build.0 = Release|Any CPU
		{05F4FC5D-33B1-46A0-ADB8-8A6749DA8474}.Release|Mixed Platforms.ActiveCfg = Release|Any CPU
		{05F4FC5D-33B1-46A0-ADB8-8A6749DA8474}.Release|Mixed Platforms.Build.0 = Release|Any CPU
		{05F4FC5D-33B1-46A0-ADB8-8A6749DA8474}.Release|x86.ActiveCfg = Release|Any CPU
		{09F9C34F-B787-45E6-B809-37C8BFEDF874}.Debug|Any CPU.ActiveCfg = Debug|Any CPU
		{09F9C34F-B787-45E6-B809-37C8BFEDF874}.Debug|Any CPU.Build.0 = Debug|Any CPU
		{09F9C34F-B787-45E6-B809-37C8BFEDF874}.Debug|Mixed Platforms.ActiveCfg = Debug|Any CPU
		{09F9C34F-B787-45E6-B809-37C8BFEDF874}.Debug|Mixed Platforms.Build.0 = Debug|Any CPU
		{09F9C34F-B787-45E6-B809-37C8BFEDF874}.Debug|x86.ActiveCfg = Debug|Any CPU
		{09F9C34F-B787-45E6-B809-37C8BFEDF874}.Release|Any CPU.ActiveCfg = Release|Any CPU
		{09F9C34F-B787-45E6-B809-37C8BFEDF874}.Release|Any CPU.Build.0 = Release|Any CPU
		{09F9C34F-B787-45E6-B809-37C8BFEDF874}.Release|Mixed Platforms.ActiveCfg = Release|Any CPU
		{09F9C34F-B787-45E6-B809-37C8BFEDF874}.Release|Mixed Platforms.Build.0 = Release|Any CPU
		{09F9C34F-B787-45E6-B809-37C8BFEDF874}.Release|x86.ActiveCfg = Release|Any CPU
		{4426C325-ED0D-4FEF-86E7-24EE923D0374}.Debug|Any CPU.ActiveCfg = Debug|Any CPU
		{4426C325-ED0D-4FEF-86E7-24EE923D0374}.Debug|Any CPU.Build.0 = Debug|Any CPU
		{4426C325-ED0D-4FEF-86E7-24EE923D0374}.Debug|Mixed Platforms.ActiveCfg = Debug|Any CPU
		{4426C325-ED0D-4FEF-86E7-24EE923D0374}.Debug|Mixed Platforms.Build.0 = Debug|Any CPU
		{4426C325-ED0D-4FEF-86E7-24EE923D0374}.Debug|x86.ActiveCfg = Debug|Any CPU
		{4426C325-ED0D-4FEF-86E7-24EE923D0374}.Release|Any CPU.ActiveCfg = Release|Any CPU
		{4426C325-ED0D-4FEF-86E7-24EE923D0374}.Release|Any CPU.Build.0 = Release|Any CPU
		{4426C325-ED0D-4FEF-86E7-24EE923D0374}.Release|Mixed Platforms.ActiveCfg = Release|Any CPU
		{4426C325-ED0D-4FEF-86E7-24EE923D0374}.Release|Mixed Platforms.Build.0 = Release|Any CPU
		{4426C325-ED0D-4FEF-86E7-24EE923D0374}.Release|x86.ActiveCfg = Release|Any CPU
		{5940F79E-6395-4D7D-A393-14CC40A71D42}.Debug|Any CPU.ActiveCfg = Debug|Any CPU
		{5940F79E-6395-4D7D-A393-14CC40A71D42}.Debug|Any CPU.Build.0 = Debug|Any CPU
		{5940F79E-6395-4D7D-A393-14CC40A71D42}.Debug|Mixed Platforms.ActiveCfg = Debug|Any CPU
		{5940F79E-6395-4D7D-A393-14CC40A71D42}.Debug|Mixed Platforms.Build.0 = Debug|Any CPU
		{5940F79E-6395-4D7D-A393-14CC40A71D42}.Debug|x86.ActiveCfg = Debug|Any CPU
		{5940F79E-6395-4D7D-A393-14CC40A71D42}.Debug|x86.Build.0 = Debug|Any CPU
		{5940F79E-6395-4D7D-A393-14CC40A71D42}.Release|Any CPU.ActiveCfg = Release|Any CPU
		{5940F79E-6395-4D7D-A393-14CC40A71D42}.Release|Any CPU.Build.0 = Release|Any CPU
		{5940F79E-6395-4D7D-A393-14CC40A71D42}.Release|Mixed Platforms.ActiveCfg = Release|Any CPU
		{5940F79E-6395-4D7D-A393-14CC40A71D42}.Release|Mixed Platforms.Build.0 = Release|Any CPU
		{5940F79E-6395-4D7D-A393-14CC40A71D42}.Release|x86.ActiveCfg = Release|Any CPU
		{5940F79E-6395-4D7D-A393-14CC40A71D42}.Release|x86.Build.0 = Release|Any CPU
		{7225DDBC-2BBA-4F64-B102-B8D1A3C3B700}.Debug|Any CPU.ActiveCfg = Debug|Any CPU
		{7225DDBC-2BBA-4F64-B102-B8D1A3C3B700}.Debug|Any CPU.Build.0 = Debug|Any CPU
		{7225DDBC-2BBA-4F64-B102-B8D1A3C3B700}.Debug|Mixed Platforms.ActiveCfg = Debug|Any CPU
		{7225DDBC-2BBA-4F64-B102-B8D1A3C3B700}.Debug|Mixed Platforms.Build.0 = Debug|Any CPU
		{7225DDBC-2BBA-4F64-B102-B8D1A3C3B700}.Debug|x86.ActiveCfg = Debug|Any CPU
		{7225DDBC-2BBA-4F64-B102-B8D1A3C3B700}.Release|Any CPU.ActiveCfg = Release|Any CPU
		{7225DDBC-2BBA-4F64-B102-B8D1A3C3B700}.Release|Any CPU.Build.0 = Release|Any CPU
		{7225DDBC-2BBA-4F64-B102-B8D1A3C3B700}.Release|Mixed Platforms.ActiveCfg = Release|Any CPU
		{7225DDBC-2BBA-4F64-B102-B8D1A3C3B700}.Release|Mixed Platforms.Build.0 = Release|Any CPU
		{7225DDBC-2BBA-4F64-B102-B8D1A3C3B700}.Release|x86.ActiveCfg = Release|Any CPU
		{7CE7AE40-3942-4849-93F9-A18F3A4D1D8A}.Debug|Any CPU.ActiveCfg = Debug|Any CPU
		{7CE7AE40-3942-4849-93F9-A18F3A4D1D8A}.Debug|Any CPU.Build.0 = Debug|Any CPU
		{7CE7AE40-3942-4849-93F9-A18F3A4D1D8A}.Debug|Mixed Platforms.ActiveCfg = Debug|Any CPU
		{7CE7AE40-3942-4849-93F9-A18F3A4D1D8A}.Debug|Mixed Platforms.Build.0 = Debug|Any CPU
		{7CE7AE40-3942-4849-93F9-A18F3A4D1D8A}.Debug|x86.ActiveCfg = Debug|Any CPU
		{7CE7AE40-3942-4849-93F9-A18F3A4D1D8A}.Release|Any CPU.ActiveCfg = Release|Any CPU
		{7CE7AE40-3942-4849-93F9-A18F3A4D1D8A}.Release|Any CPU.Build.0 = Release|Any CPU
		{7CE7AE40-3942-4849-93F9-A18F3A4D1D8A}.Release|Mixed Platforms.ActiveCfg = Release|Any CPU
		{7CE7AE40-3942-4849-93F9-A18F3A4D1D8A}.Release|Mixed Platforms.Build.0 = Release|Any CPU
		{7CE7AE40-3942-4849-93F9-A18F3A4D1D8A}.Release|x86.ActiveCfg = Release|Any CPU
		{A4924CF3-363B-4F7B-8BD4-3D89C22061E2}.Debug|Any CPU.ActiveCfg = Debug|Any CPU
		{A4924CF3-363B-4F7B-8BD4-3D89C22061E2}.Debug|Any CPU.Build.0 = Debug|Any CPU
		{A4924CF3-363B-4F7B-8BD4-3D89C22061E2}.Debug|Mixed Platforms.ActiveCfg = Debug|Any CPU
		{A4924CF3-363B-4F7B-8BD4-3D89C22061E2}.Debug|Mixed Platforms.Build.0 = Debug|Any CPU
		{A4924CF3-363B-4F7B-8BD4-3D89C22061E2}.Debug|x86.ActiveCfg = Debug|Any CPU
		{A4924CF3-363B-4F7B-8BD4-3D89C22061E2}.Release|Any CPU.ActiveCfg = Release|Any CPU
		{A4924CF3-363B-4F7B-8BD4-3D89C22061E2}.Release|Any CPU.Build.0 = Release|Any CPU
		{A4924CF3-363B-4F7B-8BD4-3D89C22061E2}.Release|Mixed Platforms.ActiveCfg = Release|Any CPU
		{A4924CF3-363B-4F7B-8BD4-3D89C22061E2}.Release|Mixed Platforms.Build.0 = Release|Any CPU
		{A4924CF3-363B-4F7B-8BD4-3D89C22061E2}.Release|x86.ActiveCfg = Release|Any CPU
		{C44005EC-E057-4636-96E2-637CA83F5170}.Debug|Any CPU.ActiveCfg = Debug|Any CPU
		{C44005EC-E057-4636-96E2-637CA83F5170}.Debug|Any CPU.Build.0 = Debug|Any CPU
		{C44005EC-E057-4636-96E2-637CA83F5170}.Debug|Mixed Platforms.ActiveCfg = Debug|Any CPU
		{C44005EC-E057-4636-96E2-637CA83F5170}.Debug|Mixed Platforms.Build.0 = Debug|Any CPU
		{C44005EC-E057-4636-96E2-637CA83F5170}.Debug|x86.ActiveCfg = Debug|Any CPU
		{C44005EC-E057-4636-96E2-637CA83F5170}.Release|Any CPU.ActiveCfg = Release|Any CPU
		{C44005EC-E057-4636-96E2-637CA83F5170}.Release|Any CPU.Build.0 = Release|Any CPU
		{C44005EC-E057-4636-96E2-637CA83F5170}.Release|Mixed Platforms.ActiveCfg = Release|Any CPU
		{C44005EC-E057-4636-96E2-637CA83F5170}.Release|Mixed Platforms.Build.0 = Release|Any CPU
		{C44005EC-E057-4636-96E2-637CA83F5170}.Release|x86.ActiveCfg = Release|Any CPU
		{F0B65148-1657-4B4A-AB29-53D2625E5550}.Debug|Any CPU.ActiveCfg = Debug|Any CPU
		{F0B65148-1657-4B4A-AB29-53D2625E5550}.Debug|Any CPU.Build.0 = Debug|Any CPU
		{F0B65148-1657-4B4A-AB29-53D2625E5550}.Debug|Mixed Platforms.ActiveCfg = Debug|Any CPU
		{F0B65148-1657-4B4A-AB29-53D2625E5550}.Debug|Mixed Platforms.Build.0 = Debug|Any CPU
		{F0B65148-1657-4B4A-AB29-53D2625E5550}.Debug|x86.ActiveCfg = Debug|Any CPU
		{F0B65148-1657-4B4A-AB29-53D2625E5550}.Release|Any CPU.ActiveCfg = Release|Any CPU
		{F0B65148-1657-4B4A-AB29-53D2625E5550}.Release|Any CPU.Build.0 = Release|Any CPU
		{F0B65148-1657-4B4A-AB29-53D2625E5550}.Release|Mixed Platforms.ActiveCfg = Release|Any CPU
		{F0B65148-1657-4B4A-AB29-53D2625E5550}.Release|Mixed Platforms.Build.0 = Release|Any CPU
		{F0B65148-1657-4B4A-AB29-53D2625E5550}.Release|x86.ActiveCfg = Release|Any CPU
		{F97A503F-4DC0-41D0-ABCD-D2660ECE9E7D}.Debug|Any CPU.ActiveCfg = Debug|Any CPU
		{F97A503F-4DC0-41D0-ABCD-D2660ECE9E7D}.Debug|Any CPU.Build.0 = Debug|Any CPU
		{F97A503F-4DC0-41D0-ABCD-D2660ECE9E7D}.Debug|Mixed Platforms.ActiveCfg = Debug|Any CPU
		{F97A503F-4DC0-41D0-ABCD-D2660ECE9E7D}.Debug|Mixed Platforms.Build.0 = Debug|Any CPU
		{F97A503F-4DC0-41D0-ABCD-D2660ECE9E7D}.Debug|x86.ActiveCfg = Debug|Any CPU
		{F97A503F-4DC0-41D0-ABCD-D2660ECE9E7D}.Debug|x86.Build.0 = Debug|Any CPU
		{F97A503F-4DC0-41D0-ABCD-D2660ECE9E7D}.Release|Any CPU.ActiveCfg = Release|Any CPU
		{F97A503F-4DC0-41D0-ABCD-D2660ECE9E7D}.Release|Any CPU.Build.0 = Release|Any CPU
		{F97A503F-4DC0-41D0-ABCD-D2660ECE9E7D}.Release|Mixed Platforms.ActiveCfg = Release|Any CPU
		{F97A503F-4DC0-41D0-ABCD-D2660ECE9E7D}.Release|Mixed Platforms.Build.0 = Release|Any CPU
		{F97A503F-4DC0-41D0-ABCD-D2660ECE9E7D}.Release|x86.ActiveCfg = Release|Any CPU
		{F97A503F-4DC0-41D0-ABCD-D2660ECE9E7D}.Release|x86.Build.0 = Release|Any CPU
	EndGlobalSection
	GlobalSection(NestedProjects) = preSolution
	EndGlobalSection
	GlobalSection(MonoDevelopProperties) = preSolution
		StartupItem = Monobjc.Tools.Tests\Monobjc.Tools.Tests.csproj
	EndGlobalSection
	GlobalSection(SolutionProperties) = preSolution
		HideSolutionNode = FALSE
	EndGlobalSection
EndGlobal
